
Microsoft Visual Studio Solution File, Format Version 12.00
# Visual Studio Version 16
VisualStudioVersion = 16.0.32126.315
MinimumVisualStudioVersion = 10.0.40219.1
Project("{FAE04EC0-301F-11D3-BF4B-00C04F79EFBC}") = "CSharp_Final_Exam", "CSharp_Final_Exam.csproj", "{2BC6121E-50E3-446B-A011-0E97C7764958}"
EndProject
Global
	GlobalSection(SolutionConfigurationPlatforms) = preSolution
		Debug|Any CPU = Debug|Any CPU
		Release|Any CPU = Release|Any CPU
	EndGlobalSection
	GlobalSection(ProjectConfigurationPlatforms) = postSolution
		{2BC6121E-50E3-446B-A011-0E97C7764958}.Debug|Any CPU.ActiveCfg = Debug|Any CPU
		{2BC6121E-50E3-446B-A011-0E97C7764958}.Debug|Any CPU.Build.0 = Debug|Any CPU
		{2BC6121E-50E3-446B-A011-0E97C7764958}.Release|Any CPU.ActiveCfg = Release|Any CPU
		{2BC6121E-50E3-446B-A011-0E97C7764958}.Release|Any CPU.Build.0 = Release|Any CPU
	EndGlobalSection
	GlobalSection(SolutionProperties) = preSolution
		HideSolutionNode = FALSE
	EndGlobalSection
	GlobalSection(ExtensibilityGlobals) = postSolution
		SolutionGuid = {BA501CBB-D268-4E37-8833-2BD32E99636D}
	EndGlobalSection
EndGlobal
